
Microsoft Visual Studio Solution File, Format Version 12.00
# Visual Studio Version 17
VisualStudioVersion = 17.10.35027.167
MinimumVisualStudioVersion = 10.0.40219.1
Project("{FAE04EC0-301F-11D3-BF4B-00C04F79EFBC}") = "LoanManagement_champ6", "LoanManagement_champ6\LoanManagement_champ6.csproj", "{40D06A3E-BF23-46E1-B51A-EE53B74F67F3}"
EndProject
Global
	GlobalSection(SolutionConfigurationPlatforms) = preSolution
		Debug|Any CPU = Debug|Any CPU
		Release|Any CPU = Release|Any CPU
	EndGlobalSection
	GlobalSection(ProjectConfigurationPlatforms) = postSolution
		{40D06A3E-BF23-46E1-B51A-EE53B74F67F3}.Debug|Any CPU.ActiveCfg = Debug|Any CPU
		{40D06A3E-BF23-46E1-B51A-EE53B74F67F3}.Debug|Any CPU.Build.0 = Debug|Any CPU
		{40D06A3E-BF23-46E1-B51A-EE53B74F67F3}.Release|Any CPU.ActiveCfg = Release|Any CPU
		{40D06A3E-BF23-46E1-B51A-EE53B74F67F3}.Release|Any CPU.Build.0 = Release|Any CPU
	EndGlobalSection
	GlobalSection(SolutionProperties) = preSolution
		HideSolutionNode = FALSE
	EndGlobalSection
	GlobalSection(ExtensibilityGlobals) = postSolution
		SolutionGuid = {CFFA00C2-D63B-49D7-8D41-40C5A91E963A}
	EndGlobalSection
EndGlobal
